
Microsoft Visual Studio Solution File, Format Version 12.00
# Visual Studio Version 17
VisualStudioVersion = 17.6.33829.357
MinimumVisualStudioVersion = 10.0.40219.1
Project("{FAE04EC0-301F-11D3-BF4B-00C04F79EFBC}") = "UnitTestingandGithub", "UnitTestingandGithub\UnitTestingandGithub.csproj", "{D1D92471-478A-4EFD-BB17-4F1ACB30BDA5}"
EndProject
Project("{FAE04EC0-301F-11D3-BF4B-00C04F79EFBC}") = "TestProject", "TestProject\TestProject.csproj", "{9C78E74A-B357-420E-8BA8-F84AA7C77F1D}"
EndProject
Global
	GlobalSection(SolutionConfigurationPlatforms) = preSolution
		Debug|Any CPU = Debug|Any CPU
		Release|Any CPU = Release|Any CPU
	EndGlobalSection
	GlobalSection(ProjectConfigurationPlatforms) = postSolution
		{D1D92471-478A-4EFD-BB17-4F1ACB30BDA5}.Debug|Any CPU.ActiveCfg = Debug|Any CPU
		{D1D92471-478A-4EFD-BB17-4F1ACB30BDA5}.Debug|Any CPU.Build.0 = Debug|Any CPU
		{D1D92471-478A-4EFD-BB17-4F1ACB30BDA5}.Release|Any CPU.ActiveCfg = Release|Any CPU
		{D1D92471-478A-4EFD-BB17-4F1ACB30BDA5}.Release|Any CPU.Build.0 = Release|Any CPU
		{9C78E74A-B357-420E-8BA8-F84AA7C77F1D}.Debug|Any CPU.ActiveCfg = Debug|Any CPU
		{9C78E74A-B357-420E-8BA8-F84AA7C77F1D}.Debug|Any CPU.Build.0 = Debug|Any CPU
		{9C78E74A-B357-420E-8BA8-F84AA7C77F1D}.Release|Any CPU.ActiveCfg = Release|Any CPU
		{9C78E74A-B357-420E-8BA8-F84AA7C77F1D}.Release|Any CPU.Build.0 = Release|Any CPU
	EndGlobalSection
	GlobalSection(SolutionProperties) = preSolution
		HideSolutionNode = FALSE
	EndGlobalSection
	GlobalSection(ExtensibilityGlobals) = postSolution
		SolutionGuid = {94DB5501-FCB2-4003-B119-D0C1ACF8E09D}
	EndGlobalSection
EndGlobal
